
Microsoft Visual Studio Solution File, Format Version 12.00
# Visual Studio 14
VisualStudioVersion = 14.0.23107.0
MinimumVisualStudioVersion = 10.0.40219.1
Project("{FAE04EC0-301F-11D3-BF4B-00C04F79EFBC}") = "SonyAPILib", "SonyAPILib\SonyAPILib.csproj", "{1C3E7C3E-04F1-4C64-9A8B-5967D7EED21C}"
EndProject
Project("{FAE04EC0-301F-11D3-BF4B-00C04F79EFBC}") = "ConsoleExample", "..\ConsoleExample\ConsoleExample.csproj", "{CDF415FE-CC29-47C1-89B7-8C9C780D9E64}"
	ProjectSection(ProjectDependencies) = postProject
		{1C3E7C3E-04F1-4C64-9A8B-5967D7EED21C} = {1C3E7C3E-04F1-4C64-9A8B-5967D7EED21C}
	EndProjectSection
EndProject
Project("{FAE04EC0-301F-11D3-BF4B-00C04F79EFBC}") = "Sony_Forms_Example", "..\Sony_Forms_Example\Sony_Forms_Example\Sony_Forms_Example.csproj", "{29924990-6F2A-4E19-A03A-90B8455B0A80}"
	ProjectSection(ProjectDependencies) = postProject
		{1C3E7C3E-04F1-4C64-9A8B-5967D7EED21C} = {1C3E7C3E-04F1-4C64-9A8B-5967D7EED21C}
	EndProjectSection
EndProject
Project("{FAE04EC0-301F-11D3-BF4B-00C04F79EFBC}") = "SonyOff", "..\SonyOff\SonyOff\SonyOff.csproj", "{314EBC8B-92E7-4418-B612-6052C7E589EB}"
	ProjectSection(ProjectDependencies) = postProject
		{1C3E7C3E-04F1-4C64-9A8B-5967D7EED21C} = {1C3E7C3E-04F1-4C64-9A8B-5967D7EED21C}
	EndProjectSection
EndProject
Project("{FAE04EC0-301F-11D3-BF4B-00C04F79EFBC}") = "DLNALib", "..\DLNALib\DLNALib.csproj", "{2FD586FB-D667-4616-A2AE-F035587ED79E}"
	ProjectSection(ProjectDependencies) = postProject
		{1C3E7C3E-04F1-4C64-9A8B-5967D7EED21C} = {1C3E7C3E-04F1-4C64-9A8B-5967D7EED21C}
	EndProjectSection
EndProject
Project("{FAE04EC0-301F-11D3-BF4B-00C04F79EFBC}") = "DLNA_Control_Panel", "..\DLNA_Control_Panel\DLNA_Control_Panel.csproj", "{5D391DED-E521-491A-8B61-FE67F3263612}"
	ProjectSection(ProjectDependencies) = postProject
		{1C3E7C3E-04F1-4C64-9A8B-5967D7EED21C} = {1C3E7C3E-04F1-4C64-9A8B-5967D7EED21C}
	EndProjectSection
EndProject
Project("{FAE04EC0-301F-11D3-BF4B-00C04F79EFBC}") = "EventingExample", "..\EventingExample\EventingExample.csproj", "{472E93A9-355E-47AC-B624-EC45FDF00298}"
EndProject
Global
	GlobalSection(SolutionConfigurationPlatforms) = preSolution
		Debug|Any CPU = Debug|Any CPU
		Release|Any CPU = Release|Any CPU
	EndGlobalSection
	GlobalSection(ProjectConfigurationPlatforms) = postSolution
		{1C3E7C3E-04F1-4C64-9A8B-5967D7EED21C}.Debug|Any CPU.ActiveCfg = Debug|Any CPU
		{1C3E7C3E-04F1-4C64-9A8B-5967D7EED21C}.Debug|Any CPU.Build.0 = Debug|Any CPU
		{1C3E7C3E-04F1-4C64-9A8B-5967D7EED21C}.Release|Any CPU.ActiveCfg = Release|Any CPU
		{1C3E7C3E-04F1-4C64-9A8B-5967D7EED21C}.Release|Any CPU.Build.0 = Release|Any CPU
		{CDF415FE-CC29-47C1-89B7-8C9C780D9E64}.Debug|Any CPU.ActiveCfg = Debug|Any CPU
		{CDF415FE-CC29-47C1-89B7-8C9C780D9E64}.Debug|Any CPU.Build.0 = Debug|Any CPU
		{CDF415FE-CC29-47C1-89B7-8C9C780D9E64}.Release|Any CPU.ActiveCfg = Release|Any CPU
		{CDF415FE-CC29-47C1-89B7-8C9C780D9E64}.Release|Any CPU.Build.0 = Release|Any CPU
		{29924990-6F2A-4E19-A03A-90B8455B0A80}.Debug|Any CPU.ActiveCfg = Debug|Any CPU
		{29924990-6F2A-4E19-A03A-90B8455B0A80}.Debug|Any CPU.Build.0 = Debug|Any CPU
		{29924990-6F2A-4E19-A03A-90B8455B0A80}.Release|Any CPU.ActiveCfg = Release|Any CPU
		{29924990-6F2A-4E19-A03A-90B8455B0A80}.Release|Any CPU.Build.0 = Release|Any CPU
		{314EBC8B-92E7-4418-B612-6052C7E589EB}.Debug|Any CPU.ActiveCfg = Debug|Any CPU
		{314EBC8B-92E7-4418-B612-6052C7E589EB}.Debug|Any CPU.Build.0 = Debug|Any CPU
		{314EBC8B-92E7-4418-B612-6052C7E589EB}.Release|Any CPU.ActiveCfg = Release|Any CPU
		{314EBC8B-92E7-4418-B612-6052C7E589EB}.Release|Any CPU.Build.0 = Release|Any CPU
		{2FD586FB-D667-4616-A2AE-F035587ED79E}.Debug|Any CPU.ActiveCfg = Debug|Any CPU
		{2FD586FB-D667-4616-A2AE-F035587ED79E}.Debug|Any CPU.Build.0 = Debug|Any CPU
		{2FD586FB-D667-4616-A2AE-F035587ED79E}.Release|Any CPU.ActiveCfg = Release|Any CPU
		{2FD586FB-D667-4616-A2AE-F035587ED79E}.Release|Any CPU.Build.0 = Release|Any CPU
		{5D391DED-E521-491A-8B61-FE67F3263612}.Debug|Any CPU.ActiveCfg = Debug|Any CPU
		{5D391DED-E521-491A-8B61-FE67F3263612}.Debug|Any CPU.Build.0 = Debug|Any CPU
		{5D391DED-E521-491A-8B61-FE67F3263612}.Release|Any CPU.ActiveCfg = Release|Any CPU
		{5D391DED-E521-491A-8B61-FE67F3263612}.Release|Any CPU.Build.0 = Release|Any CPU
		{472E93A9-355E-47AC-B624-EC45FDF00298}.Debug|Any CPU.ActiveCfg = Debug|Any CPU
		{472E93A9-355E-47AC-B624-EC45FDF00298}.Debug|Any CPU.Build.0 = Debug|Any CPU
		{472E93A9-355E-47AC-B624-EC45FDF00298}.Release|Any CPU.ActiveCfg = Release|Any CPU
		{472E93A9-355E-47AC-B624-EC45FDF00298}.Release|Any CPU.Build.0 = Release|Any CPU
	EndGlobalSection
	GlobalSection(SolutionProperties) = preSolution
		HideSolutionNode = FALSE
	EndGlobalSection
EndGlobal
