
Microsoft Visual Studio Solution File, Format Version 12.00
# Visual Studio Express 2012 for Windows Desktop
Project("{FAE04EC0-301F-11D3-BF4B-00C04F79EFBC}") = "SonyOff", "SonyOff\SonyOff.csproj", "{314EBC8B-92E7-4418-B612-6052C7E589EB}"
EndProject
Global
	GlobalSection(SolutionConfigurationPlatforms) = preSolution
		Debug|Any CPU = Debug|Any CPU
		Release|Any CPU = Release|Any CPU
	EndGlobalSection
	GlobalSection(ProjectConfigurationPlatforms) = postSolution
		{314EBC8B-92E7-4418-B612-6052C7E589EB}.Debug|Any CPU.ActiveCfg = Debug|Any CPU
		{314EBC8B-92E7-4418-B612-6052C7E589EB}.Debug|Any CPU.Build.0 = Debug|Any CPU
		{314EBC8B-92E7-4418-B612-6052C7E589EB}.Release|Any CPU.ActiveCfg = Release|Any CPU
		{314EBC8B-92E7-4418-B612-6052C7E589EB}.Release|Any CPU.Build.0 = Release|Any CPU
	EndGlobalSection
	GlobalSection(SolutionProperties) = preSolution
		HideSolutionNode = FALSE
	EndGlobalSection
EndGlobal
